
Microsoft Visual Studio Solution File, Format Version 12.00
# Visual Studio Version 17
VisualStudioVersion = 17.0.31710.8
MinimumVisualStudioVersion = 10.0.40219.1
Project("{9A19103F-16F7-4668-BE54-9A1E7A4F7556}") = "Wolf.DependencyInjection.Abstracts", "src\Wolf.DependencyInjection.Abstracts\Wolf.DependencyInjection.Abstracts.csproj", "{0121F652-C5B1-4F98-97E2-6AC0E2D0E2F6}"
EndProject
Project("{9A19103F-16F7-4668-BE54-9A1E7A4F7556}") = "Wolf.DependencyInjection", "src\Wolf.DependencyInjection\Wolf.DependencyInjection.csproj", "{D646AB45-2071-47A7-9A85-871CC76E1EBF}"
EndProject
Project("{9A19103F-16F7-4668-BE54-9A1E7A4F7556}") = "Wolf.DependencyInjection.Autofac", "src\Wolf.DependencyInjection.Autofac\Wolf.DependencyInjection.Autofac.csproj", "{5F1BAEDB-7794-4576-B0D0-00D08C87918A}"
EndProject
Project("{2150E333-8FDC-42A3-9474-1A3956D46DE8}") = "src", "src", "{7B9D768D-6A24-4490-8D16-E64FFC8902AD}"
EndProject
Project("{2150E333-8FDC-42A3-9474-1A3956D46DE8}") = "test", "test", "{DE033E34-3FA4-4503-896D-10568C382EE8}"
EndProject
Project("{FAE04EC0-301F-11D3-BF4B-00C04F79EFBC}") = "Wolf.DependencyInjection.Extensions", "src\Wolf.DependencyInjection.Extensions\Wolf.DependencyInjection.Extensions.csproj", "{FBB95E55-1846-4864-B93C-9713A95F3AFF}"
EndProject
Project("{FAE04EC0-301F-11D3-BF4B-00C04F79EFBC}") = "Wolf.DependencyInjection.Tests", "test\Wolf.DependencyInjection.Tests\Wolf.DependencyInjection.Tests.csproj", "{FD31BE73-0A5D-4A0E-AFA3-DF3343F76030}"
EndProject
Global
	GlobalSection(SolutionConfigurationPlatforms) = preSolution
		Debug|Any CPU = Debug|Any CPU
		Release|Any CPU = Release|Any CPU
	EndGlobalSection
	GlobalSection(ProjectConfigurationPlatforms) = postSolution
		{0121F652-C5B1-4F98-97E2-6AC0E2D0E2F6}.Debug|Any CPU.ActiveCfg = Debug|Any CPU
		{0121F652-C5B1-4F98-97E2-6AC0E2D0E2F6}.Debug|Any CPU.Build.0 = Debug|Any CPU
		{0121F652-C5B1-4F98-97E2-6AC0E2D0E2F6}.Release|Any CPU.ActiveCfg = Release|Any CPU
		{0121F652-C5B1-4F98-97E2-6AC0E2D0E2F6}.Release|Any CPU.Build.0 = Release|Any CPU
		{D646AB45-2071-47A7-9A85-871CC76E1EBF}.Debug|Any CPU.ActiveCfg = Debug|Any CPU
		{D646AB45-2071-47A7-9A85-871CC76E1EBF}.Debug|Any CPU.Build.0 = Debug|Any CPU
		{D646AB45-2071-47A7-9A85-871CC76E1EBF}.Release|Any CPU.ActiveCfg = Release|Any CPU
		{D646AB45-2071-47A7-9A85-871CC76E1EBF}.Release|Any CPU.Build.0 = Release|Any CPU
		{5F1BAEDB-7794-4576-B0D0-00D08C87918A}.Debug|Any CPU.ActiveCfg = Debug|Any CPU
		{5F1BAEDB-7794-4576-B0D0-00D08C87918A}.Debug|Any CPU.Build.0 = Debug|Any CPU
		{5F1BAEDB-7794-4576-B0D0-00D08C87918A}.Release|Any CPU.ActiveCfg = Release|Any CPU
		{5F1BAEDB-7794-4576-B0D0-00D08C87918A}.Release|Any CPU.Build.0 = Release|Any CPU
		{FBB95E55-1846-4864-B93C-9713A95F3AFF}.Debug|Any CPU.ActiveCfg = Debug|Any CPU
		{FBB95E55-1846-4864-B93C-9713A95F3AFF}.Debug|Any CPU.Build.0 = Debug|Any CPU
		{FBB95E55-1846-4864-B93C-9713A95F3AFF}.Release|Any CPU.ActiveCfg = Release|Any CPU
		{FBB95E55-1846-4864-B93C-9713A95F3AFF}.Release|Any CPU.Build.0 = Release|Any CPU
		{FD31BE73-0A5D-4A0E-AFA3-DF3343F76030}.Debug|Any CPU.ActiveCfg = Debug|Any CPU
		{FD31BE73-0A5D-4A0E-AFA3-DF3343F76030}.Debug|Any CPU.Build.0 = Debug|Any CPU
		{FD31BE73-0A5D-4A0E-AFA3-DF3343F76030}.Release|Any CPU.ActiveCfg = Release|Any CPU
		{FD31BE73-0A5D-4A0E-AFA3-DF3343F76030}.Release|Any CPU.Build.0 = Release|Any CPU
	EndGlobalSection
	GlobalSection(SolutionProperties) = preSolution
		HideSolutionNode = FALSE
	EndGlobalSection
	GlobalSection(NestedProjects) = preSolution
		{0121F652-C5B1-4F98-97E2-6AC0E2D0E2F6} = {7B9D768D-6A24-4490-8D16-E64FFC8902AD}
		{D646AB45-2071-47A7-9A85-871CC76E1EBF} = {7B9D768D-6A24-4490-8D16-E64FFC8902AD}
		{5F1BAEDB-7794-4576-B0D0-00D08C87918A} = {7B9D768D-6A24-4490-8D16-E64FFC8902AD}
		{FBB95E55-1846-4864-B93C-9713A95F3AFF} = {7B9D768D-6A24-4490-8D16-E64FFC8902AD}
		{FD31BE73-0A5D-4A0E-AFA3-DF3343F76030} = {DE033E34-3FA4-4503-896D-10568C382EE8}
	EndGlobalSection
	GlobalSection(ExtensibilityGlobals) = postSolution
		SolutionGuid = {DDC081AE-CAA1-438C-9A05-A9A9E787C55C}
	EndGlobalSection
EndGlobal
